
Microsoft Visual Studio Solution File, Format Version 12.00
Project("{FAE04EC0-301F-11D3-BF4B-00C04F79EFBC}") = "ApiTemplate.WebApi", "ApiTemplate.WebApi\ApiTemplate.WebApi.csproj", "{549D5ECE-A039-44BF-9114-B11B9EC97915}"
EndProject
Project("{FAE04EC0-301F-11D3-BF4B-00C04F79EFBC}") = "ApiTemplate.Shared", "ApiTemplate.Shared\ApiTemplate.Shared.csproj", "{147CD264-10BC-474B-808E-6A02F83C88F4}"
EndProject
Project("{FAE04EC0-301F-11D3-BF4B-00C04F79EFBC}") = "ApiTemplate.Domain", "ApiTemplate.Domain\ApiTemplate.Domain.csproj", "{94269417-E013-414C-ABE4-D946C17C5F4E}"
EndProject
Project("{FAE04EC0-301F-11D3-BF4B-00C04F79EFBC}") = "ApiTemplate.Application", "ApiTemplate.Application\ApiTemplate.Application.csproj", "{448C6088-4FE8-45FC-BE50-0B390D03FE8E}"
EndProject
Project("{FAE04EC0-301F-11D3-BF4B-00C04F79EFBC}") = "ApiTemplate.Infra.Data", "ApiTemplate.Infra.Data\ApiTemplate.Infra.Data.csproj", "{9147D41A-D13E-4F01-B943-56F3CE3DFA0B}"
EndProject
Global
	GlobalSection(SolutionConfigurationPlatforms) = preSolution
		Debug|Any CPU = Debug|Any CPU
		Release|Any CPU = Release|Any CPU
	EndGlobalSection
	GlobalSection(ProjectConfigurationPlatforms) = postSolution
		{549D5ECE-A039-44BF-9114-B11B9EC97915}.Debug|Any CPU.ActiveCfg = Debug|Any CPU
		{549D5ECE-A039-44BF-9114-B11B9EC97915}.Debug|Any CPU.Build.0 = Debug|Any CPU
		{549D5ECE-A039-44BF-9114-B11B9EC97915}.Release|Any CPU.ActiveCfg = Release|Any CPU
		{549D5ECE-A039-44BF-9114-B11B9EC97915}.Release|Any CPU.Build.0 = Release|Any CPU
		{147CD264-10BC-474B-808E-6A02F83C88F4}.Debug|Any CPU.ActiveCfg = Debug|Any CPU
		{147CD264-10BC-474B-808E-6A02F83C88F4}.Debug|Any CPU.Build.0 = Debug|Any CPU
		{147CD264-10BC-474B-808E-6A02F83C88F4}.Release|Any CPU.ActiveCfg = Release|Any CPU
		{147CD264-10BC-474B-808E-6A02F83C88F4}.Release|Any CPU.Build.0 = Release|Any CPU
		{94269417-E013-414C-ABE4-D946C17C5F4E}.Debug|Any CPU.ActiveCfg = Debug|Any CPU
		{94269417-E013-414C-ABE4-D946C17C5F4E}.Debug|Any CPU.Build.0 = Debug|Any CPU
		{94269417-E013-414C-ABE4-D946C17C5F4E}.Release|Any CPU.ActiveCfg = Release|Any CPU
		{94269417-E013-414C-ABE4-D946C17C5F4E}.Release|Any CPU.Build.0 = Release|Any CPU
		{448C6088-4FE8-45FC-BE50-0B390D03FE8E}.Debug|Any CPU.ActiveCfg = Debug|Any CPU
		{448C6088-4FE8-45FC-BE50-0B390D03FE8E}.Debug|Any CPU.Build.0 = Debug|Any CPU
		{448C6088-4FE8-45FC-BE50-0B390D03FE8E}.Release|Any CPU.ActiveCfg = Release|Any CPU
		{448C6088-4FE8-45FC-BE50-0B390D03FE8E}.Release|Any CPU.Build.0 = Release|Any CPU
		{9147D41A-D13E-4F01-B943-56F3CE3DFA0B}.Debug|Any CPU.ActiveCfg = Debug|Any CPU
		{9147D41A-D13E-4F01-B943-56F3CE3DFA0B}.Debug|Any CPU.Build.0 = Debug|Any CPU
		{9147D41A-D13E-4F01-B943-56F3CE3DFA0B}.Release|Any CPU.ActiveCfg = Release|Any CPU
		{9147D41A-D13E-4F01-B943-56F3CE3DFA0B}.Release|Any CPU.Build.0 = Release|Any CPU
	EndGlobalSection
EndGlobal
