
Microsoft Visual Studio Solution File, Format Version 12.00
# Visual Studio Version 17
VisualStudioVersion = 17.5.001.0
MinimumVisualStudioVersion = 10.0.40219.1
Project("{9A19103F-16F7-4668-BE54-9A1E7A4F7556}") = "ApiTemplate.WebApi.Test", "ApiTemplate.WebApi.Test.csproj", "{74BADF00-9DAD-441D-B89A-6BF11EB8D59E}"
EndProject
Global
	GlobalSection(SolutionConfigurationPlatforms) = preSolution
		Debug|Any CPU = Debug|Any CPU
		Release|Any CPU = Release|Any CPU
	EndGlobalSection
	GlobalSection(ProjectConfigurationPlatforms) = postSolution
		{74BADF00-9DAD-441D-B89A-6BF11EB8D59E}.Debug|Any CPU.ActiveCfg = Debug|Any CPU
		{74BADF00-9DAD-441D-B89A-6BF11EB8D59E}.Debug|Any CPU.Build.0 = Debug|Any CPU
		{74BADF00-9DAD-441D-B89A-6BF11EB8D59E}.Release|Any CPU.ActiveCfg = Release|Any CPU
		{74BADF00-9DAD-441D-B89A-6BF11EB8D59E}.Release|Any CPU.Build.0 = Release|Any CPU
	EndGlobalSection
	GlobalSection(SolutionProperties) = preSolution
		HideSolutionNode = FALSE
	EndGlobalSection
	GlobalSection(ExtensibilityGlobals) = postSolution
		SolutionGuid = {2418C31B-5154-44D0-8BCB-F4077BECB123}
	EndGlobalSection
EndGlobal
